
Microsoft Visual Studio Solution File, Format Version 12.00
# Visual Studio Version 17
VisualStudioVersion = 17.9.34723.18
MinimumVisualStudioVersion = 10.0.40219.1
Project("{9A19103F-16F7-4668-BE54-9A1E7A4F7556}") = "EcommerceMiniAPI", "EcommerceMiniAPI\EcommerceMiniAPI.csproj", "{9DBB31CE-5777-48A0-A3BF-D2B601AC96C1}"
EndProject
Project("{9A19103F-16F7-4668-BE54-9A1E7A4F7556}") = "EcommerceMini.Entities", "EcommerceMini.Entities\EcommerceMini.Entities.csproj", "{BE86C2B9-4444-48DF-94A1-5B6F3567C4D4}"
EndProject
Project("{9A19103F-16F7-4668-BE54-9A1E7A4F7556}") = "EcommerceMini.EntityFramework", "EcommerceMini.EntityFramework\EcommerceMini.EntityFramework.csproj", "{BB841F81-BFBC-4592-B1E3-23071198BC71}"
EndProject
Project("{9A19103F-16F7-4668-BE54-9A1E7A4F7556}") = "EcommerceMini.Application", "EcommerceMini.Application\EcommerceMini.Application.csproj", "{32DE8419-3465-4136-8D1D-9200D1E3235F}"
EndProject
Project("{FAE04EC0-301F-11D3-BF4B-00C04F79EFBC}") = "EcommerceMiniWeb", "EcommerceMiniWeb\EcommerceMiniWeb.csproj", "{1D8B38B0-159C-4E9F-8924-A7331AAB048A}"
EndProject
Global
	GlobalSection(SolutionConfigurationPlatforms) = preSolution
		Debug|Any CPU = Debug|Any CPU
		Release|Any CPU = Release|Any CPU
	EndGlobalSection
	GlobalSection(ProjectConfigurationPlatforms) = postSolution
		{9DBB31CE-5777-48A0-A3BF-D2B601AC96C1}.Debug|Any CPU.ActiveCfg = Debug|Any CPU
		{9DBB31CE-5777-48A0-A3BF-D2B601AC96C1}.Debug|Any CPU.Build.0 = Debug|Any CPU
		{9DBB31CE-5777-48A0-A3BF-D2B601AC96C1}.Release|Any CPU.ActiveCfg = Release|Any CPU
		{9DBB31CE-5777-48A0-A3BF-D2B601AC96C1}.Release|Any CPU.Build.0 = Release|Any CPU
		{BE86C2B9-4444-48DF-94A1-5B6F3567C4D4}.Debug|Any CPU.ActiveCfg = Debug|Any CPU
		{BE86C2B9-4444-48DF-94A1-5B6F3567C4D4}.Debug|Any CPU.Build.0 = Debug|Any CPU
		{BE86C2B9-4444-48DF-94A1-5B6F3567C4D4}.Release|Any CPU.ActiveCfg = Release|Any CPU
		{BE86C2B9-4444-48DF-94A1-5B6F3567C4D4}.Release|Any CPU.Build.0 = Release|Any CPU
		{BB841F81-BFBC-4592-B1E3-23071198BC71}.Debug|Any CPU.ActiveCfg = Debug|Any CPU
		{BB841F81-BFBC-4592-B1E3-23071198BC71}.Debug|Any CPU.Build.0 = Debug|Any CPU
		{BB841F81-BFBC-4592-B1E3-23071198BC71}.Release|Any CPU.ActiveCfg = Release|Any CPU
		{BB841F81-BFBC-4592-B1E3-23071198BC71}.Release|Any CPU.Build.0 = Release|Any CPU
		{32DE8419-3465-4136-8D1D-9200D1E3235F}.Debug|Any CPU.ActiveCfg = Debug|Any CPU
		{32DE8419-3465-4136-8D1D-9200D1E3235F}.Debug|Any CPU.Build.0 = Debug|Any CPU
		{32DE8419-3465-4136-8D1D-9200D1E3235F}.Release|Any CPU.ActiveCfg = Release|Any CPU
		{32DE8419-3465-4136-8D1D-9200D1E3235F}.Release|Any CPU.Build.0 = Release|Any CPU
		{1D8B38B0-159C-4E9F-8924-A7331AAB048A}.Debug|Any CPU.ActiveCfg = Debug|Any CPU
		{1D8B38B0-159C-4E9F-8924-A7331AAB048A}.Debug|Any CPU.Build.0 = Debug|Any CPU
		{1D8B38B0-159C-4E9F-8924-A7331AAB048A}.Release|Any CPU.ActiveCfg = Release|Any CPU
		{1D8B38B0-159C-4E9F-8924-A7331AAB048A}.Release|Any CPU.Build.0 = Release|Any CPU
	EndGlobalSection
	GlobalSection(SolutionProperties) = preSolution
		HideSolutionNode = FALSE
	EndGlobalSection
	GlobalSection(ExtensibilityGlobals) = postSolution
		SolutionGuid = {D33B1547-803B-45E0-B2B5-49A90A1C47E0}
	EndGlobalSection
EndGlobal
